// !$*UTF8*$!
{
	archiveVersion = 1;
	classes = {
	};
	objectVersion = 46;
	objects = {

/* Begin PBXBuildFile section */
		0AA751E11D02342200201DB9 /* UIView+Layout.swift in Sources */ = {isa = PBXBuildFile; fileRef = 0AA751E01D02342200201DB9 /* UIView+Layout.swift */; };
		0AA751F41D0238B900201DB9 /* DesignableView.swift in Sources */ = {isa = PBXBuildFile; fileRef = 0AA751F31D0238B900201DB9 /* DesignableView.swift */; };
		0AC0891F1D0794BE002D997C /* UIImageView+Awesome.swift in Sources */ = {isa = PBXBuildFile; fileRef = 0AC0891E1D0794BE002D997C /* UIImageView+Awesome.swift */; };
		0AC089211D079BC7002D997C /* UICollectionViewCell+Awesome.swift in Sources */ = {isa = PBXBuildFile; fileRef = 0AC089201D079BC7002D997C /* UICollectionViewCell+Awesome.swift */; };
		0AC089231D079F93002D997C /* UIButton+Awesome.swift in Sources */ = {isa = PBXBuildFile; fileRef = 0AC089221D079F93002D997C /* UIButton+Awesome.swift */; };
		0AC089251D079FB0002D997C /* UITableViewCell+Awesome.swift in Sources */ = {isa = PBXBuildFile; fileRef = 0AC089241D079FB0002D997C /* UITableViewCell+Awesome.swift */; };
		0AE638491D00C85300D0A652 /* AAPIParser+Instagram.swift in Sources */ = {isa = PBXBuildFile; fileRef = 0AE6383F1D00C85300D0A652 /* AAPIParser+Instagram.swift */; };
		0AE6384A1D00C85300D0A652 /* InstagramObject.swift in Sources */ = {isa = PBXBuildFile; fileRef = 0AE638401D00C85300D0A652 /* InstagramObject.swift */; };
		0AE6384B1D00C85300D0A652 /* InstagramUserObject.swift in Sources */ = {isa = PBXBuildFile; fileRef = 0AE638411D00C85300D0A652 /* InstagramUserObject.swift */; };
		0AE6384C1D00C85300D0A652 /* UIImage+Awesome.swift in Sources */ = {isa = PBXBuildFile; fileRef = 0AE638441D00C85300D0A652 /* UIImage+Awesome.swift */; };
		0AE6384D1D00C85300D0A652 /* AAPIFetcher.swift in Sources */ = {isa = PBXBuildFile; fileRef = 0AE638461D00C85300D0A652 /* AAPIFetcher.swift */; };
		0AE6384E1D00C85300D0A652 /* AAPIParser.swift in Sources */ = {isa = PBXBuildFile; fileRef = 0AE638481D00C85300D0A652 /* AAPIParser.swift */; };
		0AE638521D00C87900D0A652 /* CDHelper.swift in Sources */ = {isa = PBXBuildFile; fileRef = 0AE638501D00C87900D0A652 /* CDHelper.swift */; };
		0AE638531D00C87900D0A652 /* DataAccess.swift in Sources */ = {isa = PBXBuildFile; fileRef = 0AE638511D00C87900D0A652 /* DataAccess.swift */; };
		0AE639021D00DFA700D0A652 /* UIView+Animations.swift in Sources */ = {isa = PBXBuildFile; fileRef = 0AE639011D00DFA700D0A652 /* UIView+Animations.swift */; };
		0AE639051D00E11A00D0A652 /* DesignableImageView.swift in Sources */ = {isa = PBXBuildFile; fileRef = 0AE639041D00E11A00D0A652 /* DesignableImageView.swift */; };
		0AE8B49A1D0C501A00B59513 /* AAPIParser+Unsplash.swift in Sources */ = {isa = PBXBuildFile; fileRef = 0AE8B4991D0C501A00B59513 /* AAPIParser+Unsplash.swift */; };
		0AE8B4A01D0C504900B59513 /* UnsplashObject.swift in Sources */ = {isa = PBXBuildFile; fileRef = 0AE8B49F1D0C504900B59513 /* UnsplashObject.swift */; };
		0AE9AA551D007AD100BD5A4B /* AwesomeLibrary.h in Headers */ = {isa = PBXBuildFile; fileRef = 0AE9AA541D007AD100BD5A4B /* AwesomeLibrary.h */; settings = {ATTRIBUTES = (Public, ); }; };
		0AE9AA5C1D007AD100BD5A4B /* AwesomeLibrary.framework in Frameworks */ = {isa = PBXBuildFile; fileRef = 0AE9AA511D007AD100BD5A4B /* AwesomeLibrary.framework */; };
		0AE9AA611D007AD100BD5A4B /* AwesomeLibraryTests.swift in Sources */ = {isa = PBXBuildFile; fileRef = 0AE9AA601D007AD100BD5A4B /* AwesomeLibraryTests.swift */; };
/* End PBXBuildFile section */

/* Begin PBXContainerItemProxy section */
		0AE9AA5D1D007AD100BD5A4B /* PBXContainerItemProxy */ = {
			isa = PBXContainerItemProxy;
			containerPortal = 0AE9AA481D007AD100BD5A4B /* Project object */;
			proxyType = 1;
			remoteGlobalIDString = 0AE9AA501D007AD100BD5A4B;
			remoteInfo = AwesomeLibrary;
		};
/* End PBXContainerItemProxy section */

/* Begin PBXFileReference section */
		0AA751E01D02342200201DB9 /* UIView+Layout.swift */ = {isa = PBXFileReference; fileEncoding = 4; lastKnownFileType = sourcecode.swift; name = "UIView+Layout.swift"; path = "../../../../../awesomeLibrary/AwesomeLibrary/Classes/UI/Extensions/UIView+Layout.swift"; sourceTree = "<group>"; };
		0AA751F31D0238B900201DB9 /* DesignableView.swift */ = {isa = PBXFileReference; fileEncoding = 4; lastKnownFileType = sourcecode.swift; name = DesignableView.swift; path = ../../../../../awesomeLibrary/AwesomeLibrary/Classes/UI/Designable/DesignableView.swift; sourceTree = "<group>"; };
		0AC0891E1D0794BE002D997C /* UIImageView+Awesome.swift */ = {isa = PBXFileReference; fileEncoding = 4; lastKnownFileType = sourcecode.swift; name = "UIImageView+Awesome.swift"; path = "../../../../../awesomeLibrary/AwesomeLibrary/Classes/Online/Extensions/UIImageView+Awesome.swift"; sourceTree = "<group>"; };
		0AC089201D079BC7002D997C /* UICollectionViewCell+Awesome.swift */ = {isa = PBXFileReference; fileEncoding = 4; lastKnownFileType = sourcecode.swift; path = "UICollectionViewCell+Awesome.swift"; sourceTree = "<group>"; };
		0AC089221D079F93002D997C /* UIButton+Awesome.swift */ = {isa = PBXFileReference; fileEncoding = 4; lastKnownFileType = sourcecode.swift; path = "UIButton+Awesome.swift"; sourceTree = "<group>"; };
		0AC089241D079FB0002D997C /* UITableViewCell+Awesome.swift */ = {isa = PBXFileReference; fileEncoding = 4; lastKnownFileType = sourcecode.swift; path = "UITableViewCell+Awesome.swift"; sourceTree = "<group>"; };
		0AE6383F1D00C85300D0A652 /* AAPIParser+Instagram.swift */ = {isa = PBXFileReference; fileEncoding = 4; lastKnownFileType = sourcecode.swift; path = "AAPIParser+Instagram.swift"; sourceTree = "<group>"; };
		0AE638401D00C85300D0A652 /* InstagramObject.swift */ = {isa = PBXFileReference; fileEncoding = 4; lastKnownFileType = sourcecode.swift; path = InstagramObject.swift; sourceTree = "<group>"; };
		0AE638411D00C85300D0A652 /* InstagramUserObject.swift */ = {isa = PBXFileReference; fileEncoding = 4; lastKnownFileType = sourcecode.swift; path = InstagramUserObject.swift; sourceTree = "<group>"; };
		0AE638441D00C85300D0A652 /* UIImage+Awesome.swift */ = {isa = PBXFileReference; fileEncoding = 4; lastKnownFileType = sourcecode.swift; path = "UIImage+Awesome.swift"; sourceTree = "<group>"; };
		0AE638461D00C85300D0A652 /* AAPIFetcher.swift */ = {isa = PBXFileReference; fileEncoding = 4; lastKnownFileType = sourcecode.swift; path = AAPIFetcher.swift; sourceTree = "<group>"; };
		0AE638481D00C85300D0A652 /* AAPIParser.swift */ = {isa = PBXFileReference; fileEncoding = 4; lastKnownFileType = sourcecode.swift; path = AAPIParser.swift; sourceTree = "<group>"; };
		0AE638501D00C87900D0A652 /* CDHelper.swift */ = {isa = PBXFileReference; fileEncoding = 4; lastKnownFileType = sourcecode.swift; path = CDHelper.swift; sourceTree = "<group>"; };
		0AE638511D00C87900D0A652 /* DataAccess.swift */ = {isa = PBXFileReference; fileEncoding = 4; lastKnownFileType = sourcecode.swift; path = DataAccess.swift; sourceTree = "<group>"; };
		0AE639011D00DFA700D0A652 /* UIView+Animations.swift */ = {isa = PBXFileReference; fileEncoding = 4; lastKnownFileType = sourcecode.swift; path = "UIView+Animations.swift"; sourceTree = "<group>"; };
		0AE639041D00E11A00D0A652 /* DesignableImageView.swift */ = {isa = PBXFileReference; fileEncoding = 4; lastKnownFileType = sourcecode.swift; path = DesignableImageView.swift; sourceTree = "<group>"; };
		0AE8B4991D0C501A00B59513 /* AAPIParser+Unsplash.swift */ = {isa = PBXFileReference; fileEncoding = 4; lastKnownFileType = sourcecode.swift; path = "AAPIParser+Unsplash.swift"; sourceTree = "<group>"; };
		0AE8B49F1D0C504900B59513 /* UnsplashObject.swift */ = {isa = PBXFileReference; fileEncoding = 4; lastKnownFileType = sourcecode.swift; path = UnsplashObject.swift; sourceTree = "<group>"; };
		0AE9AA511D007AD100BD5A4B /* AwesomeLibrary.framework */ = {isa = PBXFileReference; explicitFileType = wrapper.framework; includeInIndex = 0; path = AwesomeLibrary.framework; sourceTree = BUILT_PRODUCTS_DIR; };
		0AE9AA541D007AD100BD5A4B /* AwesomeLibrary.h */ = {isa = PBXFileReference; lastKnownFileType = sourcecode.c.h; path = AwesomeLibrary.h; sourceTree = "<group>"; };
		0AE9AA561D007AD100BD5A4B /* Info.plist */ = {isa = PBXFileReference; lastKnownFileType = text.plist.xml; path = Info.plist; sourceTree = "<group>"; };
		0AE9AA5B1D007AD100BD5A4B /* AwesomeLibraryTests.xctest */ = {isa = PBXFileReference; explicitFileType = wrapper.cfbundle; includeInIndex = 0; path = AwesomeLibraryTests.xctest; sourceTree = BUILT_PRODUCTS_DIR; };
		0AE9AA601D007AD100BD5A4B /* AwesomeLibraryTests.swift */ = {isa = PBXFileReference; lastKnownFileType = sourcecode.swift; path = AwesomeLibraryTests.swift; sourceTree = "<group>"; };
		0AE9AA621D007AD100BD5A4B /* Info.plist */ = {isa = PBXFileReference; lastKnownFileType = text.plist.xml; path = Info.plist; sourceTree = "<group>"; };
/* End PBXFileReference section */

/* Begin PBXFrameworksBuildPhase section */
		0AE9AA4D1D007AD100BD5A4B /* Frameworks */ = {
			isa = PBXFrameworksBuildPhase;
			buildActionMask = 2147483647;
			files = (
			);
			runOnlyForDeploymentPostprocessing = 0;
		};
		0AE9AA581D007AD100BD5A4B /* Frameworks */ = {
			isa = PBXFrameworksBuildPhase;
			buildActionMask = 2147483647;
			files = (
				0AE9AA5C1D007AD100BD5A4B /* AwesomeLibrary.framework in Frameworks */,
			);
			runOnlyForDeploymentPostprocessing = 0;
		};
/* End PBXFrameworksBuildPhase section */

/* Begin PBXGroup section */
		0AE638171D007E4E00D0A652 /* Classes */ = {
			isa = PBXGroup;
			children = (
				0AE638FF1D00DF6700D0A652 /* UI */,
				0AE6384F1D00C86200D0A652 /* CoreData */,
				0AE6383C1D00C85300D0A652 /* Online */,
			);
			path = Classes;
			sourceTree = "<group>";
		};
		0AE6383C1D00C85300D0A652 /* Online */ = {
			isa = PBXGroup;
			children = (
				0AE6383D1D00C85300D0A652 /* APIs */,
				0AE638431D00C85300D0A652 /* Extensions */,
				0AE638451D00C85300D0A652 /* Fetcher */,
				0AE638471D00C85300D0A652 /* Parser */,
			);
			path = Online;
			sourceTree = "<group>";
		};
		0AE6383D1D00C85300D0A652 /* APIs */ = {
			isa = PBXGroup;
			children = (
				0AE6383E1D00C85300D0A652 /* Instagram */,
				0AE638421D00C85300D0A652 /* Unsplash */,
			);
			path = APIs;
			sourceTree = "<group>";
		};
		0AE6383E1D00C85300D0A652 /* Instagram */ = {
			isa = PBXGroup;
			children = (
				0AE6383F1D00C85300D0A652 /* AAPIParser+Instagram.swift */,
				0AE638401D00C85300D0A652 /* InstagramObject.swift */,
				0AE638411D00C85300D0A652 /* InstagramUserObject.swift */,
			);
			path = Instagram;
			sourceTree = "<group>";
		};
		0AE638421D00C85300D0A652 /* Unsplash */ = {
			isa = PBXGroup;
			children = (
				0AE8B4991D0C501A00B59513 /* AAPIParser+Unsplash.swift */,
				0AE8B49F1D0C504900B59513 /* UnsplashObject.swift */,
			);
			path = Unsplash;
			sourceTree = "<group>";
		};
		0AE638431D00C85300D0A652 /* Extensions */ = {
			isa = PBXGroup;
			children = (
				0AE638441D00C85300D0A652 /* UIImage+Awesome.swift */,
				0AC0891E1D0794BE002D997C /* UIImageView+Awesome.swift */,
				0AC089201D079BC7002D997C /* UICollectionViewCell+Awesome.swift */,
				0AC089241D079FB0002D997C /* UITableViewCell+Awesome.swift */,
				0AC089221D079F93002D997C /* UIButton+Awesome.swift */,
			);
			path = Extensions;
			sourceTree = "<group>";
		};
		0AE638451D00C85300D0A652 /* Fetcher */ = {
			isa = PBXGroup;
			children = (
				0AE638461D00C85300D0A652 /* AAPIFetcher.swift */,
			);
			path = Fetcher;
			sourceTree = "<group>";
		};
		0AE638471D00C85300D0A652 /* Parser */ = {
			isa = PBXGroup;
			children = (
				0AE638481D00C85300D0A652 /* AAPIParser.swift */,
			);
			path = Parser;
			sourceTree = "<group>";
		};
		0AE6384F1D00C86200D0A652 /* CoreData */ = {
			isa = PBXGroup;
			children = (
				0AE638501D00C87900D0A652 /* CDHelper.swift */,
				0AE638511D00C87900D0A652 /* DataAccess.swift */,
			);
			path = CoreData;
			sourceTree = "<group>";
		};
		0AE638FF1D00DF6700D0A652 /* UI */ = {
			isa = PBXGroup;
			children = (
				0AE639031D00E0CA00D0A652 /* Designable */,
				0AE639001D00DF6700D0A652 /* Extensions */,
			);
			path = UI;
			sourceTree = "<group>";
		};
		0AE639001D00DF6700D0A652 /* Extensions */ = {
			isa = PBXGroup;
			children = (
				0AE639011D00DFA700D0A652 /* UIView+Animations.swift */,
				0AA751E01D02342200201DB9 /* UIView+Layout.swift */,
			);
			path = Extensions;
			sourceTree = "<group>";
		};
		0AE639031D00E0CA00D0A652 /* Designable */ = {
			isa = PBXGroup;
			children = (
				0AE639041D00E11A00D0A652 /* DesignableImageView.swift */,
				0AA751F31D0238B900201DB9 /* DesignableView.swift */,
			);
			path = Designable;
			sourceTree = "<group>";
		};
		0AE9AA471D007AD100BD5A4B = {
			isa = PBXGroup;
			children = (
				0AE9AA531D007AD100BD5A4B /* AwesomeLibrary */,
				0AE9AA5F1D007AD100BD5A4B /* AwesomeLibraryTests */,
				0AE9AA521D007AD100BD5A4B /* Products */,
			);
			sourceTree = "<group>";
		};
		0AE9AA521D007AD100BD5A4B /* Products */ = {
			isa = PBXGroup;
			children = (
				0AE9AA511D007AD100BD5A4B /* AwesomeLibrary.framework */,
				0AE9AA5B1D007AD100BD5A4B /* AwesomeLibraryTests.xctest */,
			);
			name = Products;
			sourceTree = "<group>";
		};
		0AE9AA531D007AD100BD5A4B /* AwesomeLibrary */ = {
			isa = PBXGroup;
			children = (
				0AE9AA541D007AD100BD5A4B /* AwesomeLibrary.h */,
				0AE9AA561D007AD100BD5A4B /* Info.plist */,
				0AE638171D007E4E00D0A652 /* Classes */,
			);
			path = AwesomeLibrary;
			sourceTree = "<group>";
		};
		0AE9AA5F1D007AD100BD5A4B /* AwesomeLibraryTests */ = {
			isa = PBXGroup;
			children = (
				0AE9AA601D007AD100BD5A4B /* AwesomeLibraryTests.swift */,
				0AE9AA621D007AD100BD5A4B /* Info.plist */,
			);
			path = AwesomeLibraryTests;
			sourceTree = "<group>";
		};
/* End PBXGroup section */

/* Begin PBXHeadersBuildPhase section */
		0AE9AA4E1D007AD100BD5A4B /* Headers */ = {
			isa = PBXHeadersBuildPhase;
			buildActionMask = 2147483647;
			files = (
				0AE9AA551D007AD100BD5A4B /* AwesomeLibrary.h in Headers */,
			);
			runOnlyForDeploymentPostprocessing = 0;
		};
/* End PBXHeadersBuildPhase section */

/* Begin PBXNativeTarget section */
		0AE9AA501D007AD100BD5A4B /* AwesomeLibrary */ = {
			isa = PBXNativeTarget;
			buildConfigurationList = 0AE9AA651D007AD100BD5A4B /* Build configuration list for PBXNativeTarget "AwesomeLibrary" */;
			buildPhases = (
				0AE9AA4C1D007AD100BD5A4B /* Sources */,
				0AE9AA4D1D007AD100BD5A4B /* Frameworks */,
				0AE9AA4E1D007AD100BD5A4B /* Headers */,
				0AE9AA4F1D007AD100BD5A4B /* Resources */,
			);
			buildRules = (
			);
			dependencies = (
			);
			name = AwesomeLibrary;
			productName = AwesomeLibrary;
			productReference = 0AE9AA511D007AD100BD5A4B /* AwesomeLibrary.framework */;
			productType = "com.apple.product-type.framework";
		};
		0AE9AA5A1D007AD100BD5A4B /* AwesomeLibraryTests */ = {
			isa = PBXNativeTarget;
			buildConfigurationList = 0AE9AA681D007AD100BD5A4B /* Build configuration list for PBXNativeTarget "AwesomeLibraryTests" */;
			buildPhases = (
				0AE9AA571D007AD100BD5A4B /* Sources */,
				0AE9AA581D007AD100BD5A4B /* Frameworks */,
				0AE9AA591D007AD100BD5A4B /* Resources */,
			);
			buildRules = (
			);
			dependencies = (
				0AE9AA5E1D007AD100BD5A4B /* PBXTargetDependency */,
			);
			name = AwesomeLibraryTests;
			productName = AwesomeLibraryTests;
			productReference = 0AE9AA5B1D007AD100BD5A4B /* AwesomeLibraryTests.xctest */;
			productType = "com.apple.product-type.bundle.unit-test";
		};
/* End PBXNativeTarget section */

/* Begin PBXProject section */
		0AE9AA481D007AD100BD5A4B /* Project object */ = {
			isa = PBXProject;
			attributes = {
				LastSwiftUpdateCheck = 0730;
				LastUpgradeCheck = 0730;
				ORGANIZATIONNAME = DogTownMedia;
				TargetAttributes = {
					0AE9AA501D007AD100BD5A4B = {
						CreatedOnToolsVersion = 7.3.1;
					};
					0AE9AA5A1D007AD100BD5A4B = {
						CreatedOnToolsVersion = 7.3.1;
					};
				};
			};
			buildConfigurationList = 0AE9AA4B1D007AD100BD5A4B /* Build configuration list for PBXProject "AwesomeLibrary" */;
			compatibilityVersion = "Xcode 3.2";
			developmentRegion = English;
			hasScannedForEncodings = 0;
			knownRegions = (
				en,
			);
			mainGroup = 0AE9AA471D007AD100BD5A4B;
			productRefGroup = 0AE9AA521D007AD100BD5A4B /* Products */;
			projectDirPath = "";
			projectRoot = "";
			targets = (
				0AE9AA501D007AD100BD5A4B /* AwesomeLibrary */,
				0AE9AA5A1D007AD100BD5A4B /* AwesomeLibraryTests */,
			);
		};
/* End PBXProject section */

/* Begin PBXResourcesBuildPhase section */
		0AE9AA4F1D007AD100BD5A4B /* Resources */ = {
			isa = PBXResourcesBuildPhase;
			buildActionMask = 2147483647;
			files = (
			);
			runOnlyForDeploymentPostprocessing = 0;
		};
		0AE9AA591D007AD100BD5A4B /* Resources */ = {
			isa = PBXResourcesBuildPhase;
			buildActionMask = 2147483647;
			files = (
			);
			runOnlyForDeploymentPostprocessing = 0;
		};
/* End PBXResourcesBuildPhase section */

/* Begin PBXSourcesBuildPhase section */
		0AE9AA4C1D007AD100BD5A4B /* Sources */ = {
			isa = PBXSourcesBuildPhase;
			buildActionMask = 2147483647;
			files = (
				0AE6384B1D00C85300D0A652 /* InstagramUserObject.swift in Sources */,
				0AE6384D1D00C85300D0A652 /* AAPIFetcher.swift in Sources */,
				0AE6384C1D00C85300D0A652 /* UIImage+Awesome.swift in Sources */,
				0AE638491D00C85300D0A652 /* AAPIParser+Instagram.swift in Sources */,
				0AE6384A1D00C85300D0A652 /* InstagramObject.swift in Sources */,
				0AC089251D079FB0002D997C /* UITableViewCell+Awesome.swift in Sources */,
				0AE639021D00DFA700D0A652 /* UIView+Animations.swift in Sources */,
				0AC089211D079BC7002D997C /* UICollectionViewCell+Awesome.swift in Sources */,
				0AA751E11D02342200201DB9 /* UIView+Layout.swift in Sources */,
				0AC089231D079F93002D997C /* UIButton+Awesome.swift in Sources */,
				0AC0891F1D0794BE002D997C /* UIImageView+Awesome.swift in Sources */,
				0AE639051D00E11A00D0A652 /* DesignableImageView.swift in Sources */,
				0AE8B4A01D0C504900B59513 /* UnsplashObject.swift in Sources */,
				0AA751F41D0238B900201DB9 /* DesignableView.swift in Sources */,
				0AE8B49A1D0C501A00B59513 /* AAPIParser+Unsplash.swift in Sources */,
				0AE638521D00C87900D0A652 /* CDHelper.swift in Sources */,
				0AE6384E1D00C85300D0A652 /* AAPIParser.swift in Sources */,
				0AE638531D00C87900D0A652 /* DataAccess.swift in Sources */,
			);
			runOnlyForDeploymentPostprocessing = 0;
		};
		0AE9AA571D007AD100BD5A4B /* Sources */ = {
			isa = PBXSourcesBuildPhase;
			buildActionMask = 2147483647;
			files = (
				0AE9AA611D007AD100BD5A4B /* AwesomeLibraryTests.swift in Sources */,
			);
			runOnlyForDeploymentPostprocessing = 0;
		};
/* End PBXSourcesBuildPhase section */

/* Begin PBXTargetDependency section */
		0AE9AA5E1D007AD100BD5A4B /* PBXTargetDependency */ = {
			isa = PBXTargetDependency;
			target = 0AE9AA501D007AD100BD5A4B /* AwesomeLibrary */;
			targetProxy = 0AE9AA5D1D007AD100BD5A4B /* PBXContainerItemProxy */;
		};
/* End PBXTargetDependency section */

/* Begin XCBuildConfiguration section */
		0AE9AA631D007AD100BD5A4B /* Debug */ = {
			isa = XCBuildConfiguration;
			buildSettings = {
				ALWAYS_SEARCH_USER_PATHS = NO;
				CLANG_ANALYZER_NONNULL = YES;
				CLANG_CXX_LANGUAGE_STANDARD = "gnu++0x";
				CLANG_CXX_LIBRARY = "libc++";
				CLANG_ENABLE_MODULES = YES;
				CLANG_ENABLE_OBJC_ARC = YES;
				CLANG_WARN_BOOL_CONVERSION = YES;
				CLANG_WARN_CONSTANT_CONVERSION = YES;
				CLANG_WARN_DIRECT_OBJC_ISA_USAGE = YES_ERROR;
				CLANG_WARN_EMPTY_BODY = YES;
				CLANG_WARN_ENUM_CONVERSION = YES;
				CLANG_WARN_INT_CONVERSION = YES;
				CLANG_WARN_OBJC_ROOT_CLASS = YES_ERROR;
				CLANG_WARN_UNREACHABLE_CODE = YES;
				CLANG_WARN__DUPLICATE_METHOD_MATCH = YES;
				"CODE_SIGN_IDENTITY[sdk=iphoneos*]" = "iPhone Developer";
				COPY_PHASE_STRIP = NO;
				CURRENT_PROJECT_VERSION = 1;
				DEBUG_INFORMATION_FORMAT = dwarf;
				ENABLE_STRICT_OBJC_MSGSEND = YES;
				ENABLE_TESTABILITY = YES;
				GCC_C_LANGUAGE_STANDARD = gnu99;
				GCC_DYNAMIC_NO_PIC = NO;
				GCC_NO_COMMON_BLOCKS = YES;
				GCC_OPTIMIZATION_LEVEL = 0;
				GCC_PREPROCESSOR_DEFINITIONS = (
					"DEBUG=1",
					"$(inherited)",
				);
				GCC_WARN_64_TO_32_BIT_CONVERSION = YES;
				GCC_WARN_ABOUT_RETURN_TYPE = YES_ERROR;
				GCC_WARN_UNDECLARED_SELECTOR = YES;
				GCC_WARN_UNINITIALIZED_AUTOS = YES_AGGRESSIVE;
				GCC_WARN_UNUSED_FUNCTION = YES;
				GCC_WARN_UNUSED_VARIABLE = YES;
				IPHONEOS_DEPLOYMENT_TARGET = 9.3;
				MTL_ENABLE_DEBUG_INFO = YES;
				ONLY_ACTIVE_ARCH = YES;
				SDKROOT = iphoneos;
				SWIFT_OPTIMIZATION_LEVEL = "-Onone";
				TARGETED_DEVICE_FAMILY = "1,2";
				VERSIONING_SYSTEM = "apple-generic";
				VERSION_INFO_PREFIX = "";
			};
			name = Debug;
		};
		0AE9AA641D007AD100BD5A4B /* Release */ = {
			isa = XCBuildConfiguration;
			buildSettings = {
				ALWAYS_SEARCH_USER_PATHS = NO;
				CLANG_ANALYZER_NONNULL = YES;
				CLANG_CXX_LANGUAGE_STANDARD = "gnu++0x";
				CLANG_CXX_LIBRARY = "libc++";
				CLANG_ENABLE_MODULES = YES;
				CLANG_ENABLE_OBJC_ARC = YES;
				CLANG_WARN_BOOL_CONVERSION = YES;
				CLANG_WARN_CONSTANT_CONVERSION = YES;
				CLANG_WARN_DIRECT_OBJC_ISA_USAGE = YES_ERROR;
				CLANG_WARN_EMPTY_BODY = YES;
				CLANG_WARN_ENUM_CONVERSION = YES;
				CLANG_WARN_INT_CONVERSION = YES;
				CLANG_WARN_OBJC_ROOT_CLASS = YES_ERROR;
				CLANG_WARN_UNREACHABLE_CODE = YES;
				CLANG_WARN__DUPLICATE_METHOD_MATCH = YES;
				"CODE_SIGN_IDENTITY[sdk=iphoneos*]" = "iPhone Developer";
				COPY_PHASE_STRIP = NO;
				CURRENT_PROJECT_VERSION = 1;
				DEBUG_INFORMATION_FORMAT = "dwarf-with-dsym";
				ENABLE_NS_ASSERTIONS = NO;
				ENABLE_STRICT_OBJC_MSGSEND = YES;
				GCC_C_LANGUAGE_STANDARD = gnu99;
				GCC_NO_COMMON_BLOCKS = YES;
				GCC_WARN_64_TO_32_BIT_CONVERSION = YES;
				GCC_WARN_ABOUT_RETURN_TYPE = YES_ERROR;
				GCC_WARN_UNDECLARED_SELECTOR = YES;
				GCC_WARN_UNINITIALIZED_AUTOS = YES_AGGRESSIVE;
				GCC_WARN_UNUSED_FUNCTION = YES;
				GCC_WARN_UNUSED_VARIABLE = YES;
				IPHONEOS_DEPLOYMENT_TARGET = 9.3;
				MTL_ENABLE_DEBUG_INFO = NO;
				SDKROOT = iphoneos;
				TARGETED_DEVICE_FAMILY = "1,2";
				VALIDATE_PRODUCT = YES;
				VERSIONING_SYSTEM = "apple-generic";
				VERSION_INFO_PREFIX = "";
			};
			name = Release;
		};
		0AE9AA661D007AD100BD5A4B /* Debug */ = {
			isa = XCBuildConfiguration;
			buildSettings = {
				APPLICATION_EXTENSION_API_ONLY = NO;
				CLANG_ENABLE_MODULES = YES;
				DEFINES_MODULE = YES;
				DYLIB_COMPATIBILITY_VERSION = 1;
				DYLIB_CURRENT_VERSION = 1;
				DYLIB_INSTALL_NAME_BASE = "@rpath";
				INFOPLIST_FILE = AwesomeLibrary/Info.plist;
				INSTALL_PATH = "$(LOCAL_LIBRARY_DIR)/Frameworks";
				LD_RUNPATH_SEARCH_PATHS = "$(inherited) @executable_path/Frameworks @loader_path/Frameworks";
				PRODUCT_BUNDLE_IDENTIFIER = com.mindvalley.AwesomeLibrary;
				PRODUCT_NAME = "$(TARGET_NAME)";
				SKIP_INSTALL = YES;
				SWIFT_OPTIMIZATION_LEVEL = "-Onone";
			};
			name = Debug;
		};
		0AE9AA671D007AD100BD5A4B /* Release */ = {
			isa = XCBuildConfiguration;
			buildSettings = {
				APPLICATION_EXTENSION_API_ONLY = NO;
				CLANG_ENABLE_MODULES = YES;
				DEFINES_MODULE = YES;
				DYLIB_COMPATIBILITY_VERSION = 1;
				DYLIB_CURRENT_VERSION = 1;
				DYLIB_INSTALL_NAME_BASE = "@rpath";
				INFOPLIST_FILE = AwesomeLibrary/Info.plist;
				INSTALL_PATH = "$(LOCAL_LIBRARY_DIR)/Frameworks";
				LD_RUNPATH_SEARCH_PATHS = "$(inherited) @executable_path/Frameworks @loader_path/Frameworks";
				PRODUCT_BUNDLE_IDENTIFIER = com.mindvalley.AwesomeLibrary;
				PRODUCT_NAME = "$(TARGET_NAME)";
				SKIP_INSTALL = YES;
			};
			name = Release;
		};
		0AE9AA691D007AD100BD5A4B /* Debug */ = {
			isa = XCBuildConfiguration;
			buildSettings = {
				INFOPLIST_FILE = AwesomeLibraryTests/Info.plist;
				LD_RUNPATH_SEARCH_PATHS = "$(inherited) @executable_path/Frameworks @loader_path/Frameworks";
				PRODUCT_BUNDLE_IDENTIFIER = com.mindvalley.AwesomeLibraryTests;
				PRODUCT_NAME = "$(TARGET_NAME)";
			};
			name = Debug;
		};
		0AE9AA6A1D007AD100BD5A4B /* Release */ = {
			isa = XCBuildConfiguration;
			buildSettings = {
				INFOPLIST_FILE = AwesomeLibraryTests/Info.plist;
				LD_RUNPATH_SEARCH_PATHS = "$(inherited) @executable_path/Frameworks @loader_path/Frameworks";
				PRODUCT_BUNDLE_IDENTIFIER = com.mindvalley.AwesomeLibraryTests;
				PRODUCT_NAME = "$(TARGET_NAME)";
			};
			name = Release;
		};
/* End XCBuildConfiguration section */

/* Begin XCConfigurationList section */
		0AE9AA4B1D007AD100BD5A4B /* Build configuration list for PBXProject "AwesomeLibrary" */ = {
			isa = XCConfigurationList;
			buildConfigurations = (
				0AE9AA631D007AD100BD5A4B /* Debug */,
				0AE9AA641D007AD100BD5A4B /* Release */,
			);
			defaultConfigurationIsVisible = 0;
			defaultConfigurationName = Release;
		};
		0AE9AA651D007AD100BD5A4B /* Build configuration list for PBXNativeTarget "AwesomeLibrary" */ = {
			isa = XCConfigurationList;
			buildConfigurations = (
				0AE9AA661D007AD100BD5A4B /* Debug */,
				0AE9AA671D007AD100BD5A4B /* Release */,
			);
			defaultConfigurationIsVisible = 0;
			defaultConfigurationName = Release;
		};
		0AE9AA681D007AD100BD5A4B /* Build configuration list for PBXNativeTarget "AwesomeLibraryTests" */ = {
			isa = XCConfigurationList;
			buildConfigurations = (
				0AE9AA691D007AD100BD5A4B /* Debug */,
				0AE9AA6A1D007AD100BD5A4B /* Release */,
			);
			defaultConfigurationIsVisible = 0;
			defaultConfigurationName = Release;
		};
/* End XCConfigurationList section */
	};
	rootObject = 0AE9AA481D007AD100BD5A4B /* Project object */;
}
